
Microsoft Visual Studio Solution File, Format Version 12.00
# Visual Studio Version 16
VisualStudioVersion = 16.0.29215.179
MinimumVisualStudioVersion = 10.0.40219.1
Project("{FAE04EC0-301F-11D3-BF4B-00C04F79EFBC}") = "HttpRequests", "HttpRequests\HttpRequests.csproj", "{61D37D63-7B42-4D99-9C22-EA544B4C40A4}"
EndProject
Global
	GlobalSection(SolutionConfigurationPlatforms) = preSolution
		Debug|Any CPU = Debug|Any CPU
		Release|Any CPU = Release|Any CPU
	EndGlobalSection
	GlobalSection(ProjectConfigurationPlatforms) = postSolution
		{61D37D63-7B42-4D99-9C22-EA544B4C40A4}.Debug|Any CPU.ActiveCfg = Debug|Any CPU
		{61D37D63-7B42-4D99-9C22-EA544B4C40A4}.Debug|Any CPU.Build.0 = Debug|Any CPU
		{61D37D63-7B42-4D99-9C22-EA544B4C40A4}.Release|Any CPU.ActiveCfg = Release|Any CPU
		{61D37D63-7B42-4D99-9C22-EA544B4C40A4}.Release|Any CPU.Build.0 = Release|Any CPU
	EndGlobalSection
	GlobalSection(SolutionProperties) = preSolution
		HideSolutionNode = FALSE
	EndGlobalSection
	GlobalSection(ExtensibilityGlobals) = postSolution
		SolutionGuid = {029FDAF3-D680-4F2D-8E50-B2B6EE5DADCE}
	EndGlobalSection
EndGlobal
